# World Clock Configuration
# This clock is shared across all saves — every player sees the same time.

# The epoch: when the After began (real-world UTC timestamp)
# All game time is calculated from this point.
# Change this to reset the world clock.
epoch: "2026-03-28T00:00:00Z"

# How fast game time moves relative to real time.
# 8 real hours = 1 game day (24 game hours)
# So the multiplier is 24/8 = 3x real time
real_hours_per_game_day: 8

# Calendar
days_per_year: 365

# Starting date — the in-game date when the epoch begins
# Uses a real calendar: year, month (1-12), day (1-31)
starting_year: 2026
starting_month: 1
starting_day: 1
